hash: 865026fc5ccc159ed7139ecb5b177c87f060ec5628a85f5aaddc50140c71c0cf
updated: 2017-07-10T16:20:10.9843442+08:00
imports:
- name: github.com/garyburd/redigo
  version: 0d253a66e6e1349f4581d6d2b300ee434ee2da9f
  subpackages:
  - internal
  - redis
- name: github.com/jackc/pgx
  version: 53b4280456841e3c4cb554fd34fd611a58bf715e
  subpackages:
  - chunkreader
  - internal/sanitize
  - pgio
  - pgproto3
  - pgtype
- name: github.com/pkg/errors
  version: c605e284fe17294bda444b34710735b29d1a9d90
- name: github.com/satori/go.uuid
  version: 879c5887cd475cd7864858769793b2ceb0d44feb
testImports:
- name: github.com/davecgh/go-spew
  version: 04cdfd42973bb9c8589fd6a731800cf222fde1a9
  subpackages:
  - spew
- name: github.com/mattn/goveralls
  version: 9d621f6940639bf287ecbb6f585a2c26eeba3bbe
- name: github.com/pborman/uuid
  version: e790cca94e6cc75c7064b1332e63811d4aae1a53
- name: github.com/pmezard/go-difflib
  version: d8ed2627bdf02c080bf22230dbb337003b7aba2d
  subpackages:
  - difflib
- name: github.com/stretchr/testify
  version: 4d4bfba8f1d1027c4fdbe371823030df51419987
  subpackages:
  - assert
- name: golang.org/x/tools
  version: bce9606b3f617bc6280aab6abbf25962c23f398d
  subpackages:
  - cover
